
Microsoft Visual Studio Solution File, Format Version 12.00
# Visual Studio 2013
VisualStudioVersion = 12.0.31101.0
MinimumVisualStudioVersion = 10.0.40219.1
Project("{8BC9CEB8-8B4A-11D0-8D11-00A0C91BC942}") = "Animal Farm", "Animal Farm\Animal Farm.vcxproj", "{78FFFE6B-78E4-45DC-9AC8-FD8670C025AC}"
EndProject
Project("{8BC9CEB8-8B4A-11D0-8D11-00A0C91BC942}") = "Shared", "Shared\Shared.vcxproj", "{BFF08111-6543-4587-9071-4136A49CB56B}"
EndProject
Project("{8BC9CEB8-8B4A-11D0-8D11-00A0C91BC942}") = "PluginDuck", "PluginDuck\Plugin for Duck.vcxproj", "{D34073DF-0E29-4B03-B707-30B56E940C79}"
EndProject
Project("{8BC9CEB8-8B4A-11D0-8D11-00A0C91BC942}") = "PluginHorse", "PluginHorse\PluginHorse.vcxproj", "{0F992A1B-79F3-43DB-9A9C-10AFC1B179A2}"
EndProject
Project("{8BC9CEB8-8B4A-11D0-8D11-00A0C91BC942}") = "PluginCat", "PluginCat\PluginCat.vcxproj", "{82B84216-7CBA-4ACC-B75D-2ABE7FD6A753}"
EndProject
Project("{8BC9CEB8-8B4A-11D0-8D11-00A0C91BC942}") = "Tests", "Tests\Tests.vcxproj", "{90B981BE-93B7-4AD0-B6B3-B0A1E048450F}"
EndProject
Global
	GlobalSection(SolutionConfigurationPlatforms) = preSolution
		Debug|Win32 = Debug|Win32
		Release|Win32 = Release|Win32
	EndGlobalSection
	GlobalSection(ProjectConfigurationPlatforms) = postSolution
		{78FFFE6B-78E4-45DC-9AC8-FD8670C025AC}.Debug|Win32.ActiveCfg = Debug|Win32
		{78FFFE6B-78E4-45DC-9AC8-FD8670C025AC}.Debug|Win32.Build.0 = Debug|Win32
		{78FFFE6B-78E4-45DC-9AC8-FD8670C025AC}.Release|Win32.ActiveCfg = Release|Win32
		{78FFFE6B-78E4-45DC-9AC8-FD8670C025AC}.Release|Win32.Build.0 = Release|Win32
		{BFF08111-6543-4587-9071-4136A49CB56B}.Debug|Win32.ActiveCfg = Debug|Win32
		{BFF08111-6543-4587-9071-4136A49CB56B}.Debug|Win32.Build.0 = Debug|Win32
		{BFF08111-6543-4587-9071-4136A49CB56B}.Release|Win32.ActiveCfg = Release|Win32
		{BFF08111-6543-4587-9071-4136A49CB56B}.Release|Win32.Build.0 = Release|Win32
		{D34073DF-0E29-4B03-B707-30B56E940C79}.Debug|Win32.ActiveCfg = Debug|Win32
		{D34073DF-0E29-4B03-B707-30B56E940C79}.Debug|Win32.Build.0 = Debug|Win32
		{D34073DF-0E29-4B03-B707-30B56E940C79}.Release|Win32.ActiveCfg = Release|Win32
		{D34073DF-0E29-4B03-B707-30B56E940C79}.Release|Win32.Build.0 = Release|Win32
		{0F992A1B-79F3-43DB-9A9C-10AFC1B179A2}.Debug|Win32.ActiveCfg = Debug|Win32
		{0F992A1B-79F3-43DB-9A9C-10AFC1B179A2}.Debug|Win32.Build.0 = Debug|Win32
		{0F992A1B-79F3-43DB-9A9C-10AFC1B179A2}.Release|Win32.ActiveCfg = Release|Win32
		{0F992A1B-79F3-43DB-9A9C-10AFC1B179A2}.Release|Win32.Build.0 = Release|Win32
		{82B84216-7CBA-4ACC-B75D-2ABE7FD6A753}.Debug|Win32.ActiveCfg = Debug|Win32
		{82B84216-7CBA-4ACC-B75D-2ABE7FD6A753}.Debug|Win32.Build.0 = Debug|Win32
		{82B84216-7CBA-4ACC-B75D-2ABE7FD6A753}.Release|Win32.ActiveCfg = Release|Win32
		{82B84216-7CBA-4ACC-B75D-2ABE7FD6A753}.Release|Win32.Build.0 = Release|Win32
		{90B981BE-93B7-4AD0-B6B3-B0A1E048450F}.Debug|Win32.ActiveCfg = Debug|Win32
		{90B981BE-93B7-4AD0-B6B3-B0A1E048450F}.Debug|Win32.Build.0 = Debug|Win32
		{90B981BE-93B7-4AD0-B6B3-B0A1E048450F}.Release|Win32.ActiveCfg = Release|Win32
		{90B981BE-93B7-4AD0-B6B3-B0A1E048450F}.Release|Win32.Build.0 = Release|Win32
	EndGlobalSection
	GlobalSection(SolutionProperties) = preSolution
		HideSolutionNode = FALSE
	EndGlobalSection
EndGlobal
